Microsoft Visual Studio Solution File, Format Version 12.00
# Visual Studio Version 17
VisualStudioVersion = 17.12.35521.163
MinimumVisualStudioVersion = 10.0.40219.1
Project("{FAE04EC0-301F-11D3-BF4B-00C04F79EFBC}") = "InveonBootcamp.App", "InveonBootcamp.App\InveonBootcamp.App.csproj", "{9FB11E5D-7031-4310-A276-DFEF9DE265FC}"
EndProject
Project("{FAE04EC0-301F-11D3-BF4B-00C04F79EFBC}") = "BestPractices.API", "BestPractices.API\BestPractices.API.csproj", "{FCD4A666-BC15-4F85-BC6F-E8A4685E12AE}"
EndProject
Project("{FAE04EC0-301F-11D3-BF4B-00C04F79EFBC}") = "ErrorHandling.API", "ErrorHandling.API\ErrorHandling.API.csproj", "{A117B329-6C84-45EA-82FA-85C06B64F396}"
EndProject
Project("{FAE04EC0-301F-11D3-BF4B-00C04F79EFBC}") = "DesignPattern.API", "DesignPattern.API\DesignPattern.API.csproj", "{9CF6563B-9BD0-41F7-8736-BC95B1370DEC}"
EndProject
Global
	GlobalSection(SolutionConfigurationPlatforms) = preSolution
		Debug|Any CPU = Debug|Any CPU
		Release|Any CPU = Release|Any CPU
	EndGlobalSection
	GlobalSection(ProjectConfigurationPlatforms) = postSolution
		{9FB11E5D-7031-4310-A276-DFEF9DE265FC}.Debug|Any CPU.ActiveCfg = Debug|Any CPU
		{9FB11E5D-7031-4310-A276-DFEF9DE265FC}.Debug|Any CPU.Build.0 = Debug|Any CPU
		{9FB11E5D-7031-4310-A276-DFEF9DE265FC}.Release|Any CPU.ActiveCfg = Release|Any CPU
		{9FB11E5D-7031-4310-A276-DFEF9DE265FC}.Release|Any CPU.Build.0 = Release|Any CPU
		{FCD4A666-BC15-4F85-BC6F-E8A4685E12AE}.Debug|Any CPU.ActiveCfg = Debug|Any CPU
		{FCD4A666-BC15-4F85-BC6F-E8A4685E12AE}.Debug|Any CPU.Build.0 = Debug|Any CPU
		{FCD4A666-BC15-4F85-BC6F-E8A4685E12AE}.Release|Any CPU.ActiveCfg = Release|Any CPU
		{FCD4A666-BC15-4F85-BC6F-E8A4685E12AE}.Release|Any CPU.Build.0 = Release|Any CPU
		{A117B329-6C84-45EA-82FA-85C06B64F396}.Debug|Any CPU.ActiveCfg = Debug|Any CPU
		{A117B329-6C84-45EA-82FA-85C06B64F396}.Debug|Any CPU.Build.0 = Debug|Any CPU
		{A117B329-6C84-45EA-82FA-85C06B64F396}.Release|Any CPU.ActiveCfg = Release|Any CPU
		{A117B329-6C84-45EA-82FA-85C06B64F396}.Release|Any CPU.Build.0 = Release|Any CPU
		{9CF6563B-9BD0-41F7-8736-BC95B1370DEC}.Debug|Any CPU.ActiveCfg = Debug|Any CPU
		{9CF6563B-9BD0-41F7-8736-BC95B1370DEC}.Debug|Any CPU.Build.0 = Debug|Any CPU
		{9CF6563B-9BD0-41F7-8736-BC95B1370DEC}.Release|Any CPU.ActiveCfg = Release|Any CPU
		{9CF6563B-9BD0-41F7-8736-BC95B1370DEC}.Release|Any CPU.Build.0 = Release|Any CPU
	EndGlobalSection
	GlobalSection(SolutionProperties) = preSolution
		HideSolutionNode = FALSE
	EndGlobalSection
EndGlobal
